// !$*UTF8*$!
{
	archiveVersion = 1;
	classes = {
	};
	objectVersion = 48;
	objects = {

/* Begin PBXBuildFile section */
		75684FBE21911C930088FCDC /* AppDelegate.swift in Sources */ = {isa = PBXBuildFile; fileRef = 75684FBD21911C930088FCDC /* AppDelegate.swift */; };
		75684FC021911C930088FCDC /* RootViewController.swift in Sources */ = {isa = PBXBuildFile; fileRef = 75684FBF21911C930088FCDC /* RootViewController.swift */; };
		75684FC221911C930088FCDC /* DataViewController.swift in Sources */ = {isa = PBXBuildFile; fileRef = 75684FC121911C930088FCDC /* DataViewController.swift */; };
		75684FC421911C930088FCDC /* ModelController.swift in Sources */ = {isa = PBXBuildFile; fileRef = 75684FC321911C930088FCDC /* ModelController.swift */; };
		75684FC721911C930088FCDC /* Main.storyboard in Resources */ = {isa = PBXBuildFile; fileRef = 75684FC521911C930088FCDC /* Main.storyboard */; };
		75684FC921911C930088FCDC /* Assets.xcassets in Resources */ = {isa = PBXBuildFile; fileRef = 75684FC821911C930088FCDC /* Assets.xcassets */; };
		75684FCC21911C930088FCDC /* LaunchScreen.storyboard in Resources */ = {isa = PBXBuildFile; fileRef = 75684FCA21911C930088FCDC /* LaunchScreen.storyboard */; };
		75684FD721911C930088FCDC /* Team6SeniorDesignTests.swift in Sources */ = {isa = PBXBuildFile; fileRef = 75684FD621911C930088FCDC /* Team6SeniorDesignTests.swift */; };
		75684FE221911C930088FCDC /* Team6SeniorDesignUITests.swift in Sources */ = {isa = PBXBuildFile; fileRef = 75684FE121911C930088FCDC /* Team6SeniorDesignUITests.swift */; };
/* End PBXBuildFile section */

/* Begin PBXContainerItemProxy section */
		75684FD321911C930088FCDC /* PBXContainerItemProxy */ = {
			isa = PBXContainerItemProxy;
			containerPortal = 75684FB221911C930088FCDC /* Project object */;
			proxyType = 1;
			remoteGlobalIDString = 75684FB921911C930088FCDC;
			remoteInfo = Team6SeniorDesign;
		};
		75684FDE21911C930088FCDC /* PBXContainerItemProxy */ = {
			isa = PBXContainerItemProxy;
			containerPortal = 75684FB221911C930088FCDC /* Project object */;
			proxyType = 1;
			remoteGlobalIDString = 75684FB921911C930088FCDC;
			remoteInfo = Team6SeniorDesign;
		};
/* End PBXContainerItemProxy section */

/* Begin PBXFileReference section */
		75684FBA21911C930088FCDC /* Team6SeniorDesign.app */ = {isa = PBXFileReference; explicitFileType = wrapper.application; includeInIndex = 0; path = Team6SeniorDesign.app; sourceTree = BUILT_PRODUCTS_DIR; };
		75684FBD21911C930088FCDC /* AppDelegate.swift */ = {isa = PBXFileReference; lastKnownFileType = sourcecode.swift; path = AppDelegate.swift; sourceTree = "<group>"; };
		75684FBF21911C930088FCDC /* RootViewController.swift */ = {isa = PBXFileReference; lastKnownFileType = sourcecode.swift; path = RootViewController.swift; sourceTree = "<group>"; };
		75684FC121911C930088FCDC /* DataViewController.swift */ = {isa = PBXFileReference; lastKnownFileType = sourcecode.swift; path = DataViewController.swift; sourceTree = "<group>"; };
		75684FC321911C930088FCDC /* ModelController.swift */ = {isa = PBXFileReference; lastKnownFileType = sourcecode.swift; path = ModelController.swift; sourceTree = "<group>"; };
		75684FC621911C930088FCDC /* Base */ = {isa = PBXFileReference; lastKnownFileType = file.storyboard; name = Base; path = Base.lproj/Main.storyboard; sourceTree = "<group>"; };
		75684FC821911C930088FCDC /* Assets.xcassets */ = {isa = PBXFileReference; lastKnownFileType = folder.assetcatalog; path = Assets.xcassets; sourceTree = "<group>"; };
		75684FCB21911C930088FCDC /* Base */ = {isa = PBXFileReference; lastKnownFileType = file.storyboard; name = Base; path = Base.lproj/LaunchScreen.storyboard; sourceTree = "<group>"; };
		75684FCD21911C930088FCDC /* Info.plist */ = {isa = PBXFileReference; lastKnownFileType = text.plist.xml; path = Info.plist; sourceTree = "<group>"; };
		75684FD221911C930088FCDC /* Team6SeniorDesignTests.xctest */ = {isa = PBXFileReference; explicitFileType = wrapper.cfbundle; includeInIndex = 0; path = Team6SeniorDesignTests.xctest; sourceTree = BUILT_PRODUCTS_DIR; };
		75684FD621911C930088FCDC /* Team6SeniorDesignTests.swift */ = {isa = PBXFileReference; lastKnownFileType = sourcecode.swift; path = Team6SeniorDesignTests.swift; sourceTree = "<group>"; };
		75684FD821911C930088FCDC /* Info.plist */ = {isa = PBXFileReference; lastKnownFileType = text.plist.xml; path = Info.plist; sourceTree = "<group>"; };
		75684FDD21911C930088FCDC /* Team6SeniorDesignUITests.xctest */ = {isa = PBXFileReference; explicitFileType = wrapper.cfbundle; includeInIndex = 0; path = Team6SeniorDesignUITests.xctest; sourceTree = BUILT_PRODUCTS_DIR; };
		75684FE121911C930088FCDC /* Team6SeniorDesignUITests.swift */ = {isa = PBXFileReference; lastKnownFileType = sourcecode.swift; path = Team6SeniorDesignUITests.swift; sourceTree = "<group>"; };
		75684FE321911C930088FCDC /* Info.plist */ = {isa = PBXFileReference; lastKnownFileType = text.plist.xml; path = Info.plist; sourceTree = "<group>"; };
/* End PBXFileReference section */

/* Begin PBXFrameworksBuildPhase section */
		75684FB721911C930088FCDC /* Frameworks */ = {
			isa = PBXFrameworksBuildPhase;
			buildActionMask = 2147483647;
			files = (
			);
			runOnlyForDeploymentPostprocessing = 0;
		};
		75684FCF21911C930088FCDC /* Frameworks */ = {
			isa = PBXFrameworksBuildPhase;
			buildActionMask = 2147483647;
			files = (
			);
			runOnlyForDeploymentPostprocessing = 0;
		};
		75684FDA21911C930088FCDC /* Frameworks */ = {
			isa = PBXFrameworksBuildPhase;
			buildActionMask = 2147483647;
			files = (
			);
			runOnlyForDeploymentPostprocessing = 0;
		};
/* End PBXFrameworksBuildPhase section */

/* Begin PBXGroup section */
		75684FB121911C930088FCDC = {
			isa = PBXGroup;
			children = (
				75684FBC21911C930088FCDC /* Team6SeniorDesign */,
				75684FD521911C930088FCDC /* Team6SeniorDesignTests */,
				75684FE021911C930088FCDC /* Team6SeniorDesignUITests */,
				75684FBB21911C930088FCDC /* Products */,
			);
			sourceTree = "<group>";
		};
		75684FBB21911C930088FCDC /* Products */ = {
			isa = PBXGroup;
			children = (
				75684FBA21911C930088FCDC /* Team6SeniorDesign.app */,
				75684FD221911C930088FCDC /* Team6SeniorDesignTests.xctest */,
				75684FDD21911C930088FCDC /* Team6SeniorDesignUITests.xctest */,
			);
			name = Products;
			sourceTree = "<group>";
		};
		75684FBC21911C930088FCDC /* Team6SeniorDesign */ = {
			isa = PBXGroup;
			children = (
				75684FBD21911C930088FCDC /* AppDelegate.swift */,
				75684FBF21911C930088FCDC /* RootViewController.swift */,
				75684FC121911C930088FCDC /* DataViewController.swift */,
				75684FC321911C930088FCDC /* ModelController.swift */,
				75684FC521911C930088FCDC /* Main.storyboard */,
				75684FC821911C930088FCDC /* Assets.xcassets */,
				75684FCA21911C930088FCDC /* LaunchScreen.storyboard */,
				75684FCD21911C930088FCDC /* Info.plist */,
			);
			path = Team6SeniorDesign;
			sourceTree = "<group>";
		};
		75684FD521911C930088FCDC /* Team6SeniorDesignTests */ = {
			isa = PBXGroup;
			children = (
				75684FD621911C930088FCDC /* Team6SeniorDesignTests.swift */,
				75684FD821911C930088FCDC /* Info.plist */,
			);
			path = Team6SeniorDesignTests;
			sourceTree = "<group>";
		};
		75684FE021911C930088FCDC /* Team6SeniorDesignUITests */ = {
			isa = PBXGroup;
			children = (
				75684FE121911C930088FCDC /* Team6SeniorDesignUITests.swift */,
				75684FE321911C930088FCDC /* Info.plist */,
			);
			path = Team6SeniorDesignUITests;
			sourceTree = "<group>";
		};
/* End PBXGroup section */

/* Begin PBXNativeTarget section */
		75684FB921911C930088FCDC /* Team6SeniorDesign */ = {
			isa = PBXNativeTarget;
			buildConfigurationList = 75684FE621911C930088FCDC /* Build configuration list for PBXNativeTarget "Team6SeniorDesign" */;
			buildPhases = (
				75684FB621911C930088FCDC /* Sources */,
				75684FB721911C930088FCDC /* Frameworks */,
				75684FB821911C930088FCDC /* Resources */,
			);
			buildRules = (
			);
			dependencies = (
			);
			name = Team6SeniorDesign;
			productName = Team6SeniorDesign;
			productReference = 75684FBA21911C930088FCDC /* Team6SeniorDesign.app */;
			productType = "com.apple.product-type.application";
		};
		75684FD121911C930088FCDC /* Team6SeniorDesignTests */ = {
			isa = PBXNativeTarget;
			buildConfigurationList = 75684FE921911C930088FCDC /* Build configuration list for PBXNativeTarget "Team6SeniorDesignTests" */;
			buildPhases = (
				75684FCE21911C930088FCDC /* Sources */,
				75684FCF21911C930088FCDC /* Frameworks */,
				75684FD021911C930088FCDC /* Resources */,
			);
			buildRules = (
			);
			dependencies = (
				75684FD421911C930088FCDC /* PBXTargetDependency */,
			);
			name = Team6SeniorDesignTests;
			productName = Team6SeniorDesignTests;
			productReference = 75684FD221911C930088FCDC /* Team6SeniorDesignTests.xctest */;
			productType = "com.apple.product-type.bundle.unit-test";
		};
		75684FDC21911C930088FCDC /* Team6SeniorDesignUITests */ = {
			isa = PBXNativeTarget;
			buildConfigurationList = 75684FEC21911C930088FCDC /* Build configuration list for PBXNativeTarget "Team6SeniorDesignUITests" */;
			buildPhases = (
				75684FD921911C930088FCDC /* Sources */,
				75684FDA21911C930088FCDC /* Frameworks */,
				75684FDB21911C930088FCDC /* Resources */,
			);
			buildRules = (
			);
			dependencies = (
				75684FDF21911C930088FCDC /* PBXTargetDependency */,
			);
			name = Team6SeniorDesignUITests;
			productName = Team6SeniorDesignUITests;
			productReference = 75684FDD21911C930088FCDC /* Team6SeniorDesignUITests.xctest */;
			productType = "com.apple.product-type.bundle.ui-testing";
		};
/* End PBXNativeTarget section */

/* Begin PBXProject section */
		75684FB221911C930088FCDC /* Project object */ = {
			isa = PBXProject;
			attributes = {
				LastSwiftUpdateCheck = 0920;
				LastUpgradeCheck = 0920;
				ORGANIZATIONNAME = "Team 20";
				TargetAttributes = {
					75684FB921911C930088FCDC = {
						CreatedOnToolsVersion = 9.2;
						ProvisioningStyle = Automatic;
					};
					75684FD121911C930088FCDC = {
						CreatedOnToolsVersion = 9.2;
						ProvisioningStyle = Automatic;
						TestTargetID = 75684FB921911C930088FCDC;
					};
					75684FDC21911C930088FCDC = {
						CreatedOnToolsVersion = 9.2;
						ProvisioningStyle = Automatic;
						TestTargetID = 75684FB921911C930088FCDC;
					};
				};
			};
			buildConfigurationList = 75684FB521911C930088FCDC /* Build configuration list for PBXProject "Team6SeniorDesign" */;
			compatibilityVersion = "Xcode 8.0";
			developmentRegion = en;
			hasScannedForEncodings = 0;
			knownRegions = (
				en,
				Base,
			);
			mainGroup = 75684FB121911C930088FCDC;
			productRefGroup = 75684FBB21911C930088FCDC /* Products */;
			projectDirPath = "";
			projectRoot = "";
			targets = (
				75684FB921911C930088FCDC /* Team6SeniorDesign */,
				75684FD121911C930088FCDC /* Team6SeniorDesignTests */,
				75684FDC21911C930088FCDC /* Team6SeniorDesignUITests */,
			);
		};
/* End PBXProject section */

/* Begin PBXResourcesBuildPhase section */
		75684FB821911C930088FCDC /* Resources */ = {
			isa = PBXResourcesBuildPhase;
			buildActionMask = 2147483647;
			files = (
				75684FCC21911C930088FCDC /* LaunchScreen.storyboard in Resources */,
				75684FC921911C930088FCDC /* Assets.xcassets in Resources */,
				75684FC721911C930088FCDC /* Main.storyboard in Resources */,
			);
			runOnlyForDeploymentPostprocessing = 0;
		};
		75684FD021911C930088FCDC /* Resources */ = {
			isa = PBXResourcesBuildPhase;
			buildActionMask = 2147483647;
			files = (
			);
			runOnlyForDeploymentPostprocessing = 0;
		};
		75684FDB21911C930088FCDC /* Resources */ = {
			isa = PBXResourcesBuildPhase;
			buildActionMask = 2147483647;
			files = (
			);
			runOnlyForDeploymentPostprocessing = 0;
		};
/* End PBXResourcesBuildPhase section */

/* Begin PBXSourcesBuildPhase section */
		75684FB621911C930088FCDC /* Sources */ = {
			isa = PBXSourcesBuildPhase;
			buildActionMask = 2147483647;
			files = (
				75684FC021911C930088FCDC /* RootViewController.swift in Sources */,
				75684FC421911C930088FCDC /* ModelController.swift in Sources */,
				75684FC221911C930088FCDC /* DataViewController.swift in Sources */,
				75684FBE21911C930088FCDC /* AppDelegate.swift in Sources */,
			);
			runOnlyForDeploymentPostprocessing = 0;
		};
		75684FCE21911C930088FCDC /* Sources */ = {
			isa = PBXSourcesBuildPhase;
			buildActionMask = 2147483647;
			files = (
				75684FD721911C930088FCDC /* Team6SeniorDesignTests.swift in Sources */,
			);
			runOnlyForDeploymentPostprocessing = 0;
		};
		75684FD921911C930088FCDC /* Sources */ = {
			isa = PBXSourcesBuildPhase;
			buildActionMask = 2147483647;
			files = (
				75684FE221911C930088FCDC /* Team6SeniorDesignUITests.swift in Sources */,
			);
			runOnlyForDeploymentPostprocessing = 0;
		};
/* End PBXSourcesBuildPhase section */

/* Begin PBXTargetDependency section */
		75684FD421911C930088FCDC /* PBXTargetDependency */ = {
			isa = PBXTargetDependency;
			target = 75684FB921911C930088FCDC /* Team6SeniorDesign */;
			targetProxy = 75684FD321911C930088FCDC /* PBXContainerItemProxy */;
		};
		75684FDF21911C930088FCDC /* PBXTargetDependency */ = {
			isa = PBXTargetDependency;
			target = 75684FB921911C930088FCDC /* Team6SeniorDesign */;
			targetProxy = 75684FDE21911C930088FCDC /* PBXContainerItemProxy */;
		};
/* End PBXTargetDependency section */

/* Begin PBXVariantGroup section */
		75684FC521911C930088FCDC /* Main.storyboard */ = {
			isa = PBXVariantGroup;
			children = (
				75684FC621911C930088FCDC /* Base */,
			);
			name = Main.storyboard;
			sourceTree = "<group>";
		};
		75684FCA21911C930088FCDC /* LaunchScreen.storyboard */ = {
			isa = PBXVariantGroup;
			children = (
				75684FCB21911C930088FCDC /* Base */,
			);
			name = LaunchScreen.storyboard;
			sourceTree = "<group>";
		};
/* End PBXVariantGroup section */

/* Begin XCBuildConfiguration section */
		75684FE421911C930088FCDC /* Debug */ = {
			isa = XCBuildConfiguration;
			buildSettings = {
				ALWAYS_SEARCH_USER_PATHS = NO;
				CLANG_ANALYZER_NONNULL = YES;
				CLANG_ANALYZER_NUMBER_OBJECT_CONVERSION = YES_AGGRESSIVE;
				CLANG_CXX_LANGUAGE_STANDARD = "gnu++14";
				CLANG_CXX_LIBRARY = "libc++";
				CLANG_ENABLE_MODULES = YES;
				CLANG_ENABLE_OBJC_ARC = YES;
				CLANG_WARN_BLOCK_CAPTURE_AUTORELEASING = YES;
				CLANG_WARN_BOOL_CONVERSION = YES;
				CLANG_WARN_COMMA = YES;
				CLANG_WARN_CONSTANT_CONVERSION = YES;
				CLANG_WARN_DIRECT_OBJC_ISA_USAGE = YES_ERROR;
				CLANG_WARN_DOCUMENTATION_COMMENTS = YES;
				CLANG_WARN_EMPTY_BODY = YES;
				CLANG_WARN_ENUM_CONVERSION = YES;
				CLANG_WARN_INFINITE_RECURSION = YES;
				CLANG_WARN_INT_CONVERSION = YES;
				CLANG_WARN_NON_LITERAL_NULL_CONVERSION = YES;
				CLANG_WARN_OBJC_LITERAL_CONVERSION = YES;
				CLANG_WARN_OBJC_ROOT_CLASS = YES_ERROR;
				CLANG_WARN_RANGE_LOOP_ANALYSIS = YES;
				CLANG_WARN_STRICT_PROTOTYPES = YES;
				CLANG_WARN_SUSPICIOUS_MOVE = YES;
				CLANG_WARN_UNGUARDED_AVAILABILITY = YES_AGGRESSIVE;
				CLANG_WARN_UNREACHABLE_CODE = YES;
				CLANG_WARN__DUPLICATE_METHOD_MATCH = YES;
				CODE_SIGN_IDENTITY = "iPhone Developer";
				COPY_PHASE_STRIP = NO;
				DEBUG_INFORMATION_FORMAT = dwarf;
				ENABLE_STRICT_OBJC_MSGSEND = YES;
				ENABLE_TESTABILITY = YES;
				GCC_C_LANGUAGE_STANDARD = gnu11;
				GCC_DYNAMIC_NO_PIC = NO;
				GCC_NO_COMMON_BLOCKS = YES;
				GCC_OPTIMIZATION_LEVEL = 0;
				GCC_PREPROCESSOR_DEFINITIONS = (
					"DEBUG=1",
					"$(inherited)",
				);
				GCC_WARN_64_TO_32_BIT_CONVERSION = YES;
				GCC_WARN_ABOUT_RETURN_TYPE = YES_ERROR;
				GCC_WARN_UNDECLARED_SELECTOR = YES;
				GCC_WARN_UNINITIALIZED_AUTOS = YES_AGGRESSIVE;
				GCC_WARN_UNUSED_FUNCTION = YES;
				GCC_WARN_UNUSED_VARIABLE = YES;
				IPHONEOS_DEPLOYMENT_TARGET = 11.2;
				MTL_ENABLE_DEBUG_INFO = YES;
				ONLY_ACTIVE_ARCH = YES;
				SDKROOT = iphoneos;
				SWIFT_ACTIVE_COMPILATION_CONDITIONS = DEBUG;
				SWIFT_OPTIMIZATION_LEVEL = "-Onone";
			};
			name = Debug;
		};
		75684FE521911C930088FCDC /* Release */ = {
			isa = XCBuildConfiguration;
			buildSettings = {
				ALWAYS_SEARCH_USER_PATHS = NO;
				CLANG_ANALYZER_NONNULL = YES;
				CLANG_ANALYZER_NUMBER_OBJECT_CONVERSION = YES_AGGRESSIVE;
				CLANG_CXX_LANGUAGE_STANDARD = "gnu++14";
				CLANG_CXX_LIBRARY = "libc++";
				CLANG_ENABLE_MODULES = YES;
				CLANG_ENABLE_OBJC_ARC = YES;
				CLANG_WARN_BLOCK_CAPTURE_AUTORELEASING = YES;
				CLANG_WARN_BOOL_CONVERSION = YES;
				CLANG_WARN_COMMA = YES;
				CLANG_WARN_CONSTANT_CONVERSION = YES;
				CLANG_WARN_DIRECT_OBJC_ISA_USAGE = YES_ERROR;
				CLANG_WARN_DOCUMENTATION_COMMENTS = YES;
				CLANG_WARN_EMPTY_BODY = YES;
				CLANG_WARN_ENUM_CONVERSION = YES;
				CLANG_WARN_INFINITE_RECURSION = YES;
				CLANG_WARN_INT_CONVERSION = YES;
				CLANG_WARN_NON_LITERAL_NULL_CONVERSION = YES;
				CLANG_WARN_OBJC_LITERAL_CONVERSION = YES;
				CLANG_WARN_OBJC_ROOT_CLASS = YES_ERROR;
				CLANG_WARN_RANGE_LOOP_ANALYSIS = YES;
				CLANG_WARN_STRICT_PROTOTYPES = YES;
				CLANG_WARN_SUSPICIOUS_MOVE = YES;
				CLANG_WARN_UNGUARDED_AVAILABILITY = YES_AGGRESSIVE;
				CLANG_WARN_UNREACHABLE_CODE = YES;
				CLANG_WARN__DUPLICATE_METHOD_MATCH = YES;
				CODE_SIGN_IDENTITY = "iPhone Developer";
				COPY_PHASE_STRIP = NO;
				DEBUG_INFORMATION_FORMAT = "dwarf-with-dsym";
				ENABLE_NS_ASSERTIONS = NO;
				ENABLE_STRICT_OBJC_MSGSEND = YES;
				GCC_C_LANGUAGE_STANDARD = gnu11;
				GCC_NO_COMMON_BLOCKS = YES;
				GCC_WARN_64_TO_32_BIT_CONVERSION = YES;
				GCC_WARN_ABOUT_RETURN_TYPE = YES_ERROR;
				GCC_WARN_UNDECLARED_SELECTOR = YES;
				GCC_WARN_UNINITIALIZED_AUTOS = YES_AGGRESSIVE;
				GCC_WARN_UNUSED_FUNCTION = YES;
				GCC_WARN_UNUSED_VARIABLE = YES;
				IPHONEOS_DEPLOYMENT_TARGET = 11.2;
				MTL_ENABLE_DEBUG_INFO = NO;
				SDKROOT = iphoneos;
				SWIFT_OPTIMIZATION_LEVEL = "-Owholemodule";
				VALIDATE_PRODUCT = YES;
			};
			name = Release;
		};
		75684FE721911C930088FCDC /* Debug */ = {
			isa = XCBuildConfiguration;
			buildSettings = {
				ASSETCATALOG_COMPILER_APPICON_NAME = AppIcon;
				CODE_SIGN_STYLE = Automatic;
				INFOPLIST_FILE = Team6SeniorDesign/Info.plist;
				LD_RUNPATH_SEARCH_PATHS = "$(inherited) @executable_path/Frameworks";
				PRODUCT_BUNDLE_IDENTIFIER = edu.upenn.ese.SeniorDesign.Team6SeniorDesign;
				PRODUCT_NAME = "$(TARGET_NAME)";
				SWIFT_VERSION = 4.0;
				TARGETED_DEVICE_FAMILY = "1,2";
			};
			name = Debug;
		};
		75684FE821911C930088FCDC /* Release */ = {
			isa = XCBuildConfiguration;
			buildSettings = {
				ASSETCATALOG_COMPILER_APPICON_NAME = AppIcon;
				CODE_SIGN_STYLE = Automatic;
				INFOPLIST_FILE = Team6SeniorDesign/Info.plist;
				LD_RUNPATH_SEARCH_PATHS = "$(inherited) @executable_path/Frameworks";
				PRODUCT_BUNDLE_IDENTIFIER = edu.upenn.ese.SeniorDesign.Team6SeniorDesign;
				PRODUCT_NAME = "$(TARGET_NAME)";
				SWIFT_VERSION = 4.0;
				TARGETED_DEVICE_FAMILY = "1,2";
			};
			name = Release;
		};
		75684FEA21911C930088FCDC /* Debug */ = {
			isa = XCBuildConfiguration;
			buildSettings = {
				ALWAYS_EMBED_SWIFT_STANDARD_LIBRARIES = YES;
				BUNDLE_LOADER = "$(TEST_HOST)";
				CODE_SIGN_STYLE = Automatic;
				INFOPLIST_FILE = Team6SeniorDesignTests/Info.plist;
				LD_RUNPATH_SEARCH_PATHS = "$(inherited) @executable_path/Frameworks @loader_path/Frameworks";
				PRODUCT_BUNDLE_IDENTIFIER = edu.upenn.ese.SeniorDesign.Team6SeniorDesignTests;
				PRODUCT_NAME = "$(TARGET_NAME)";
				SWIFT_VERSION = 4.0;
				TARGETED_DEVICE_FAMILY = "1,2";
				TEST_HOST = "$(BUILT_PRODUCTS_DIR)/Team6SeniorDesign.app/Team6SeniorDesign";
			};
			name = Debug;
		};
		75684FEB21911C930088FCDC /* Release */ = {
			isa = XCBuildConfiguration;
			buildSettings = {
				ALWAYS_EMBED_SWIFT_STANDARD_LIBRARIES = YES;
				BUNDLE_LOADER = "$(TEST_HOST)";
				CODE_SIGN_STYLE = Automatic;
				INFOPLIST_FILE = Team6SeniorDesignTests/Info.plist;
				LD_RUNPATH_SEARCH_PATHS = "$(inherited) @executable_path/Frameworks @loader_path/Frameworks";
				PRODUCT_BUNDLE_IDENTIFIER = edu.upenn.ese.SeniorDesign.Team6SeniorDesignTests;
				PRODUCT_NAME = "$(TARGET_NAME)";
				SWIFT_VERSION = 4.0;
				TARGETED_DEVICE_FAMILY = "1,2";
				TEST_HOST = "$(BUILT_PRODUCTS_DIR)/Team6SeniorDesign.app/Team6SeniorDesign";
			};
			name = Release;
		};
		75684FED21911C930088FCDC /* Debug */ = {
			isa = XCBuildConfiguration;
			buildSettings = {
				ALWAYS_EMBED_SWIFT_STANDARD_LIBRARIES = YES;
				CODE_SIGN_STYLE = Automatic;
				INFOPLIST_FILE = Team6SeniorDesignUITests/Info.plist;
				LD_RUNPATH_SEARCH_PATHS = "$(inherited) @executable_path/Frameworks @loader_path/Frameworks";
				PRODUCT_BUNDLE_IDENTIFIER = edu.upenn.ese.SeniorDesign.Team6SeniorDesignUITests;
				PRODUCT_NAME = "$(TARGET_NAME)";
				SWIFT_VERSION = 4.0;
				TARGETED_DEVICE_FAMILY = "1,2";
				TEST_TARGET_NAME = Team6SeniorDesign;
			};
			name = Debug;
		};
		75684FEE21911C930088FCDC /* Release */ = {
			isa = XCBuildConfiguration;
			buildSettings = {
				ALWAYS_EMBED_SWIFT_STANDARD_LIBRARIES = YES;
				CODE_SIGN_STYLE = Automatic;
				INFOPLIST_FILE = Team6SeniorDesignUITests/Info.plist;
				LD_RUNPATH_SEARCH_PATHS = "$(inherited) @executable_path/Frameworks @loader_path/Frameworks";
				PRODUCT_BUNDLE_IDENTIFIER = edu.upenn.ese.SeniorDesign.Team6SeniorDesignUITests;
				PRODUCT_NAME = "$(TARGET_NAME)";
				SWIFT_VERSION = 4.0;
				TARGETED_DEVICE_FAMILY = "1,2";
				TEST_TARGET_NAME = Team6SeniorDesign;
			};
			name = Release;
		};
/* End XCBuildConfiguration section */

/* Begin XCConfigurationList section */
		75684FB521911C930088FCDC /* Build configuration list for PBXProject "Team6SeniorDesign" */ = {
			isa = XCConfigurationList;
			buildConfigurations = (
				75684FE421911C930088FCDC /* Debug */,
				75684FE521911C930088FCDC /* Release */,
			);
			defaultConfigurationIsVisible = 0;
			defaultConfigurationName = Release;
		};
		75684FE621911C930088FCDC /* Build configuration list for PBXNativeTarget "Team6SeniorDesign" */ = {
			isa = XCConfigurationList;
			buildConfigurations = (
				75684FE721911C930088FCDC /* Debug */,
				75684FE821911C930088FCDC /* Release */,
			);
			defaultConfigurationIsVisible = 0;
			defaultConfigurationName = Release;
		};
		75684FE921911C930088FCDC /* Build configuration list for PBXNativeTarget "Team6SeniorDesignTests" */ = {
			isa = XCConfigurationList;
			buildConfigurations = (
				75684FEA21911C930088FCDC /* Debug */,
				75684FEB21911C930088FCDC /* Release */,
			);
			defaultConfigurationIsVisible = 0;
			defaultConfigurationName = Release;
		};
		75684FEC21911C930088FCDC /* Build configuration list for PBXNativeTarget "Team6SeniorDesignUITests" */ = {
			isa = XCConfigurationList;
			buildConfigurations = (
				75684FED21911C930088FCDC /* Debug */,
				75684FEE21911C930088FCDC /* Release */,
			);
			defaultConfigurationIsVisible = 0;
			defaultConfigurationName = Release;
		};
/* End XCConfigurationList section */
	};
	rootObject = 75684FB221911C930088FCDC /* Project object */;
}
